
Microsoft Visual Studio Solution File, Format Version 12.00
# Visual Studio Version 17
VisualStudioVersion = 17.5.33424.131
MinimumVisualStudioVersion = 10.0.40219.1
Project("{FAE04EC0-301F-11D3-BF4B-00C04F79EFBC}") = "SimManagementSystem", "SimManagementSystem\SimManagementSystem.csproj", "{B96E44E2-FAA6-4205-93FE-79830F62D72A}"
EndProject
Global
	GlobalSection(SolutionConfigurationPlatforms) = preSolution
		Debug|Any CPU = Debug|Any CPU
		Release|Any CPU = Release|Any CPU
	EndGlobalSection
	GlobalSection(ProjectConfigurationPlatforms) = postSolution
		{B96E44E2-FAA6-4205-93FE-79830F62D72A}.Debug|Any CPU.ActiveCfg = Debug|Any CPU
		{B96E44E2-FAA6-4205-93FE-79830F62D72A}.Debug|Any CPU.Build.0 = Debug|Any CPU
		{B96E44E2-FAA6-4205-93FE-79830F62D72A}.Release|Any CPU.ActiveCfg = Release|Any CPU
		{B96E44E2-FAA6-4205-93FE-79830F62D72A}.Release|Any CPU.Build.0 = Release|Any CPU
	EndGlobalSection
	GlobalSection(SolutionProperties) = preSolution
		HideSolutionNode = FALSE
	EndGlobalSection
	GlobalSection(ExtensibilityGlobals) = postSolution
		SolutionGuid = {A38F0298-9F72-45E8-B7DB-8FFA6DD357B6}
	EndGlobalSection
EndGlobal
